// !$*UTF8*$!
{
	archiveVersion = 1;
	classes = {
	};
	objectVersion = 55;
	objects = {

/* Begin PBXBuildFile section */
		BB00A63128BA706D0011859B /* VisionTrainingApp.swift in Sources */ = {isa = PBXBuildFile; fileRef = BB00A63028BA706D0011859B /* VisionTrainingApp.swift */; };
		BB00A63328BA706D0011859B /* ContentView.swift in Sources */ = {isa = PBXBuildFile; fileRef = BB00A63228BA706D0011859B /* ContentView.swift */; };
		BB00A63528BA706E0011859B /* Assets.xcassets in Resources */ = {isa = PBXBuildFile; fileRef = BB00A63428BA706E0011859B /* Assets.xcassets */; };
		BB00A63828BA706E0011859B /* Preview Assets.xcassets in Resources */ = {isa = PBXBuildFile; fileRef = BB00A63728BA706E0011859B /* Preview Assets.xcassets */; };
		BB127F5828C2CBF60066A104 /* Play-Regular.ttf in Resources */ = {isa = PBXBuildFile; fileRef = BB127F5728C2CBF60066A104 /* Play-Regular.ttf */; };
		BB127F5C28C2CD690066A104 /* Font.swift in Sources */ = {isa = PBXBuildFile; fileRef = BB127F5B28C2CD690066A104 /* Font.swift */; };
		BB45948528BC31C2000D3DDF /* Position.swift in Sources */ = {isa = PBXBuildFile; fileRef = BB45948428BC31C2000D3DDF /* Position.swift */; };
		BB45948728BC3229000D3DDF /* BoardModel.swift in Sources */ = {isa = PBXBuildFile; fileRef = BB45948628BC3229000D3DDF /* BoardModel.swift */; };
		BB731FA128C95F04002BD19C /* Pallete.swift in Sources */ = {isa = PBXBuildFile; fileRef = BB731FA028C95F04002BD19C /* Pallete.swift */; };
		BB731FA328C95F42002BD19C /* InfoView.swift in Sources */ = {isa = PBXBuildFile; fileRef = BB731FA228C95F42002BD19C /* InfoView.swift */; };
		BB7CDD2728BB068D002D4296 /* TrainerModel.swift in Sources */ = {isa = PBXBuildFile; fileRef = BB7CDD2628BB068D002D4296 /* TrainerModel.swift */; };
		BB89B2BE28C132C9005669A3 /* SettingsModel.swift in Sources */ = {isa = PBXBuildFile; fileRef = BB89B2BD28C132C9005669A3 /* SettingsModel.swift */; };
		BBD4D24028BFAC130058F65C /* Verdict.swift in Sources */ = {isa = PBXBuildFile; fileRef = BBD4D23F28BFAC130058F65C /* Verdict.swift */; };
		BBD6672E28BE588C0013D2A6 /* Board.swift in Sources */ = {isa = PBXBuildFile; fileRef = BBD6672D28BE588C0013D2A6 /* Board.swift */; };
		BBD6673428BE5A1B0013D2A6 /* Square.swift in Sources */ = {isa = PBXBuildFile; fileRef = BBD6673328BE5A1B0013D2A6 /* Square.swift */; };
/* End PBXBuildFile section */

/* Begin PBXFileReference section */
		BB00A62D28BA706D0011859B /* VisionTraining.app */ = {isa = PBXFileReference; explicitFileType = wrapper.application; includeInIndex = 0; path = VisionTraining.app; sourceTree = BUILT_PRODUCTS_DIR; };
		BB00A63028BA706D0011859B /* VisionTrainingApp.swift */ = {isa = PBXFileReference; lastKnownFileType = sourcecode.swift; path = VisionTrainingApp.swift; sourceTree = "<group>"; };
		BB00A63228BA706D0011859B /* ContentView.swift */ = {isa = PBXFileReference; lastKnownFileType = sourcecode.swift; path = ContentView.swift; sourceTree = "<group>"; };
		BB00A63428BA706E0011859B /* Assets.xcassets */ = {isa = PBXFileReference; lastKnownFileType = folder.assetcatalog; path = Assets.xcassets; sourceTree = "<group>"; };
		BB00A63728BA706E0011859B /* Preview Assets.xcassets */ = {isa = PBXFileReference; lastKnownFileType = folder.assetcatalog; path = "Preview Assets.xcassets"; sourceTree = "<group>"; };
		BB127F5728C2CBF60066A104 /* Play-Regular.ttf */ = {isa = PBXFileReference; lastKnownFileType = file; path = "Play-Regular.ttf"; sourceTree = "<group>"; };
		BB127F5928C2CC2F0066A104 /* Info.plist */ = {isa = PBXFileReference; lastKnownFileType = text.plist; path = Info.plist; sourceTree = "<group>"; };
		BB127F5B28C2CD690066A104 /* Font.swift */ = {isa = PBXFileReference; lastKnownFileType = sourcecode.swift; path = Font.swift; sourceTree = "<group>"; };
		BB45948428BC31C2000D3DDF /* Position.swift */ = {isa = PBXFileReference; lastKnownFileType = sourcecode.swift; path = Position.swift; sourceTree = "<group>"; };
		BB45948628BC3229000D3DDF /* BoardModel.swift */ = {isa = PBXFileReference; lastKnownFileType = sourcecode.swift; path = BoardModel.swift; sourceTree = "<group>"; };
		BB731FA028C95F04002BD19C /* Pallete.swift */ = {isa = PBXFileReference; lastKnownFileType = sourcecode.swift; path = Pallete.swift; sourceTree = "<group>"; };
		BB731FA228C95F42002BD19C /* InfoView.swift */ = {isa = PBXFileReference; lastKnownFileType = sourcecode.swift; path = InfoView.swift; sourceTree = "<group>"; };
		BB7CDD2628BB068D002D4296 /* TrainerModel.swift */ = {isa = PBXFileReference; lastKnownFileType = sourcecode.swift; path = TrainerModel.swift; sourceTree = "<group>"; };
		BB89B2BD28C132C9005669A3 /* SettingsModel.swift */ = {isa = PBXFileReference; lastKnownFileType = sourcecode.swift; path = SettingsModel.swift; sourceTree = "<group>"; };
		BBD4D23F28BFAC130058F65C /* Verdict.swift */ = {isa = PBXFileReference; lastKnownFileType = sourcecode.swift; path = Verdict.swift; sourceTree = "<group>"; };
		BBD6672D28BE588C0013D2A6 /* Board.swift */ = {isa = PBXFileReference; lastKnownFileType = sourcecode.swift; path = Board.swift; sourceTree = "<group>"; };
		BBD6673328BE5A1B0013D2A6 /* Square.swift */ = {isa = PBXFileReference; lastKnownFileType = sourcecode.swift; path = Square.swift; sourceTree = "<group>"; };
/* End PBXFileReference section */

/* Begin PBXFrameworksBuildPhase section */
		BB00A62A28BA706D0011859B /* Frameworks */ = {
			isa = PBXFrameworksBuildPhase;
			buildActionMask = 2147483647;
			files = (
			);
			runOnlyForDeploymentPostprocessing = 0;
		};
/* End PBXFrameworksBuildPhase section */

/* Begin PBXGroup section */
		BB00A62428BA706D0011859B = {
			isa = PBXGroup;
			children = (
				BB00A62F28BA706D0011859B /* VisionTraining */,
				BB00A62E28BA706D0011859B /* Products */,
			);
			sourceTree = "<group>";
		};
		BB00A62E28BA706D0011859B /* Products */ = {
			isa = PBXGroup;
			children = (
				BB00A62D28BA706D0011859B /* VisionTraining.app */,
			);
			name = Products;
			sourceTree = "<group>";
		};
		BB00A62F28BA706D0011859B /* VisionTraining */ = {
			isa = PBXGroup;
			children = (
				BB731FA028C95F04002BD19C /* Pallete.swift */,
				BB127F5A28C2CD5E0066A104 /* Font */,
				BB00A63028BA706D0011859B /* VisionTrainingApp.swift */,
				BB00A63228BA706D0011859B /* ContentView.swift */,
				BBD6673028BE58AD0013D2A6 /* Model */,
				BBD6672F28BE58A20013D2A6 /* View */,
				BBD6673228BE58CC0013D2A6 /* View-Model */,
				BB00A63628BA706E0011859B /* Preview Content */,
				BB00A63428BA706E0011859B /* Assets.xcassets */,
				BB127F5928C2CC2F0066A104 /* Info.plist */,
			);
			path = VisionTraining;
			sourceTree = "<group>";
		};
		BB00A63628BA706E0011859B /* Preview Content */ = {
			isa = PBXGroup;
			children = (
				BB00A63728BA706E0011859B /* Preview Assets.xcassets */,
			);
			path = "Preview Content";
			sourceTree = "<group>";
		};
		BB127F5A28C2CD5E0066A104 /* Font */ = {
			isa = PBXGroup;
			children = (
				BB127F5728C2CBF60066A104 /* Play-Regular.ttf */,
				BB127F5B28C2CD690066A104 /* Font.swift */,
			);
			path = Font;
			sourceTree = "<group>";
		};
		BB8F70E228C8DA8600A5D8F7 /* Screen */ = {
			isa = PBXGroup;
			children = (
			);
			path = Screen;
			sourceTree = "<group>";
		};
		BBD6672F28BE58A20013D2A6 /* View */ = {
			isa = PBXGroup;
			children = (
				BBD6673328BE5A1B0013D2A6 /* Square.swift */,
				BBD6672D28BE588C0013D2A6 /* Board.swift */,
				BB731FA228C95F42002BD19C /* InfoView.swift */,
				BB8F70E228C8DA8600A5D8F7 /* Screen */,
			);
			path = View;
			sourceTree = "<group>";
		};
		BBD6673028BE58AD0013D2A6 /* Model */ = {
			isa = PBXGroup;
			children = (
				BB45948428BC31C2000D3DDF /* Position.swift */,
				BBD4D23F28BFAC130058F65C /* Verdict.swift */,
			);
			path = Model;
			sourceTree = "<group>";
		};
		BBD6673228BE58CC0013D2A6 /* View-Model */ = {
			isa = PBXGroup;
			children = (
				BB45948628BC3229000D3DDF /* BoardModel.swift */,
				BB7CDD2628BB068D002D4296 /* TrainerModel.swift */,
				BB89B2BD28C132C9005669A3 /* SettingsModel.swift */,
			);
			name = "View-Model";
			sourceTree = "<group>";
		};
/* End PBXGroup section */

/* Begin PBXNativeTarget section */
		BB00A62C28BA706D0011859B /* VisionTraining */ = {
			isa = PBXNativeTarget;
			buildConfigurationList = BB00A63B28BA706E0011859B /* Build configuration list for PBXNativeTarget "VisionTraining" */;
			buildPhases = (
				BB00A62928BA706D0011859B /* Sources */,
				BB00A62A28BA706D0011859B /* Frameworks */,
				BB00A62B28BA706D0011859B /* Resources */,
			);
			buildRules = (
			);
			dependencies = (
			);
			name = VisionTraining;
			productName = VisionTraining;
			productReference = BB00A62D28BA706D0011859B /* VisionTraining.app */;
			productType = "com.apple.product-type.application";
		};
/* End PBXNativeTarget section */

/* Begin PBXProject section */
		BB00A62528BA706D0011859B /* Project object */ = {
			isa = PBXProject;
			attributes = {
				BuildIndependentTargetsInParallel = 1;
				LastSwiftUpdateCheck = 1340;
				LastUpgradeCheck = 1340;
				TargetAttributes = {
					BB00A62C28BA706D0011859B = {
						CreatedOnToolsVersion = 13.4;
					};
				};
			};
			buildConfigurationList = BB00A62828BA706D0011859B /* Build configuration list for PBXProject "VisionTraining" */;
			compatibilityVersion = "Xcode 13.0";
			developmentRegion = en;
			hasScannedForEncodings = 0;
			knownRegions = (
				en,
				Base,
			);
			mainGroup = BB00A62428BA706D0011859B;
			productRefGroup = BB00A62E28BA706D0011859B /* Products */;
			projectDirPath = "";
			projectRoot = "";
			targets = (
				BB00A62C28BA706D0011859B /* VisionTraining */,
			);
		};
/* End PBXProject section */

/* Begin PBXResourcesBuildPhase section */
		BB00A62B28BA706D0011859B /* Resources */ = {
			isa = PBXResourcesBuildPhase;
			buildActionMask = 2147483647;
			files = (
				BB00A63828BA706E0011859B /* Preview Assets.xcassets in Resources */,
				BB127F5828C2CBF60066A104 /* Play-Regular.ttf in Resources */,
				BB00A63528BA706E0011859B /* Assets.xcassets in Resources */,
			);
			runOnlyForDeploymentPostprocessing = 0;
		};
/* End PBXResourcesBuildPhase section */

/* Begin PBXSourcesBuildPhase section */
		BB00A62928BA706D0011859B /* Sources */ = {
			isa = PBXSourcesBuildPhase;
			buildActionMask = 2147483647;
			files = (
				BB00A63328BA706D0011859B /* ContentView.swift in Sources */,
				BB127F5C28C2CD690066A104 /* Font.swift in Sources */,
				BBD6672E28BE588C0013D2A6 /* Board.swift in Sources */,
				BB45948728BC3229000D3DDF /* BoardModel.swift in Sources */,
				BB731FA128C95F04002BD19C /* Pallete.swift in Sources */,
				BBD6673428BE5A1B0013D2A6 /* Square.swift in Sources */,
				BB731FA328C95F42002BD19C /* InfoView.swift in Sources */,
				BB7CDD2728BB068D002D4296 /* TrainerModel.swift in Sources */,
				BB45948528BC31C2000D3DDF /* Position.swift in Sources */,
				BB00A63128BA706D0011859B /* VisionTrainingApp.swift in Sources */,
				BBD4D24028BFAC130058F65C /* Verdict.swift in Sources */,
				BB89B2BE28C132C9005669A3 /* SettingsModel.swift in Sources */,
			);
			runOnlyForDeploymentPostprocessing = 0;
		};
/* End PBXSourcesBuildPhase section */

/* Begin XCBuildConfiguration section */
		BB00A63928BA706E0011859B /* Debug */ = {
			isa = XCBuildConfiguration;
			buildSettings = {
				ALWAYS_SEARCH_USER_PATHS = NO;
				CLANG_ANALYZER_NONNULL = YES;
				CLANG_ANALYZER_NUMBER_OBJECT_CONVERSION = YES_AGGRESSIVE;
				CLANG_CXX_LANGUAGE_STANDARD = "gnu++17";
				CLANG_ENABLE_MODULES = YES;
				CLANG_ENABLE_OBJC_ARC = YES;
				CLANG_ENABLE_OBJC_WEAK = YES;
				CLANG_WARN_BLOCK_CAPTURE_AUTORELEASING = YES;
				CLANG_WARN_BOOL_CONVERSION = YES;
				CLANG_WARN_COMMA = YES;
				CLANG_WARN_CONSTANT_CONVERSION = YES;
				CLANG_WARN_DEPRECATED_OBJC_IMPLEMENTATIONS = YES;
				CLANG_WARN_DIRECT_OBJC_ISA_USAGE = YES_ERROR;
				CLANG_WARN_DOCUMENTATION_COMMENTS = YES;
				CLANG_WARN_EMPTY_BODY = YES;
				CLANG_WARN_ENUM_CONVERSION = YES;
				CLANG_WARN_INFINITE_RECURSION = YES;
				CLANG_WARN_INT_CONVERSION = YES;
				CLANG_WARN_NON_LITERAL_NULL_CONVERSION = YES;
				CLANG_WARN_OBJC_IMPLICIT_RETAIN_SELF = YES;
				CLANG_WARN_OBJC_LITERAL_CONVERSION = YES;
				CLANG_WARN_OBJC_ROOT_CLASS = YES_ERROR;
				CLANG_WARN_QUOTED_INCLUDE_IN_FRAMEWORK_HEADER = YES;
				CLANG_WARN_RANGE_LOOP_ANALYSIS = YES;
				CLANG_WARN_STRICT_PROTOTYPES = YES;
				CLANG_WARN_SUSPICIOUS_MOVE = YES;
				CLANG_WARN_UNGUARDED_AVAILABILITY = YES_AGGRESSIVE;
				CLANG_WARN_UNREACHABLE_CODE = YES;
				CLANG_WARN__DUPLICATE_METHOD_MATCH = YES;
				COPY_PHASE_STRIP = NO;
				DEBUG_INFORMATION_FORMAT = dwarf;
				ENABLE_STRICT_OBJC_MSGSEND = YES;
				ENABLE_TESTABILITY = YES;
				GCC_C_LANGUAGE_STANDARD = gnu11;
				GCC_DYNAMIC_NO_PIC = NO;
				GCC_NO_COMMON_BLOCKS = YES;
				GCC_OPTIMIZATION_LEVEL = 0;
				GCC_PREPROCESSOR_DEFINITIONS = (
					"DEBUG=1",
					"$(inherited)",
				);
				GCC_WARN_64_TO_32_BIT_CONVERSION = YES;
				GCC_WARN_ABOUT_RETURN_TYPE = YES_ERROR;
				GCC_WARN_UNDECLARED_SELECTOR = YES;
				GCC_WARN_UNINITIALIZED_AUTOS = YES_AGGRESSIVE;
				GCC_WARN_UNUSED_FUNCTION = YES;
				GCC_WARN_UNUSED_VARIABLE = YES;
				IPHONEOS_DEPLOYMENT_TARGET = 15.5;
				MTL_ENABLE_DEBUG_INFO = INCLUDE_SOURCE;
				MTL_FAST_MATH = YES;
				ONLY_ACTIVE_ARCH = YES;
				SDKROOT = iphoneos;
				SWIFT_ACTIVE_COMPILATION_CONDITIONS = DEBUG;
				SWIFT_OPTIMIZATION_LEVEL = "-Onone";
			};
			name = Debug;
		};
		BB00A63A28BA706E0011859B /* Release */ = {
			isa = XCBuildConfiguration;
			buildSettings = {
				ALWAYS_SEARCH_USER_PATHS = NO;
				CLANG_ANALYZER_NONNULL = YES;
				CLANG_ANALYZER_NUMBER_OBJECT_CONVERSION = YES_AGGRESSIVE;
				CLANG_CXX_LANGUAGE_STANDARD = "gnu++17";
				CLANG_ENABLE_MODULES = YES;
				CLANG_ENABLE_OBJC_ARC = YES;
				CLANG_ENABLE_OBJC_WEAK = YES;
				CLANG_WARN_BLOCK_CAPTURE_AUTORELEASING = YES;
				CLANG_WARN_BOOL_CONVERSION = YES;
				CLANG_WARN_COMMA = YES;
				CLANG_WARN_CONSTANT_CONVERSION = YES;
				CLANG_WARN_DEPRECATED_OBJC_IMPLEMENTATIONS = YES;
				CLANG_WARN_DIRECT_OBJC_ISA_USAGE = YES_ERROR;
				CLANG_WARN_DOCUMENTATION_COMMENTS = YES;
				CLANG_WARN_EMPTY_BODY = YES;
				CLANG_WARN_ENUM_CONVERSION = YES;
				CLANG_WARN_INFINITE_RECURSION = YES;
				CLANG_WARN_INT_CONVERSION = YES;
				CLANG_WARN_NON_LITERAL_NULL_CONVERSION = YES;
				CLANG_WARN_OBJC_IMPLICIT_RETAIN_SELF = YES;
				CLANG_WARN_OBJC_LITERAL_CONVERSION = YES;
				CLANG_WARN_OBJC_ROOT_CLASS = YES_ERROR;
				CLANG_WARN_QUOTED_INCLUDE_IN_FRAMEWORK_HEADER = YES;
				CLANG_WARN_RANGE_LOOP_ANALYSIS = YES;
				CLANG_WARN_STRICT_PROTOTYPES = YES;
				CLANG_WARN_SUSPICIOUS_MOVE = YES;
				CLANG_WARN_UNGUARDED_AVAILABILITY = YES_AGGRESSIVE;
				CLANG_WARN_UNREACHABLE_CODE = YES;
				CLANG_WARN__DUPLICATE_METHOD_MATCH = YES;
				COPY_PHASE_STRIP = NO;
				DEBUG_INFORMATION_FORMAT = "dwarf-with-dsym";
				ENABLE_NS_ASSERTIONS = NO;
				ENABLE_STRICT_OBJC_MSGSEND = YES;
				GCC_C_LANGUAGE_STANDARD = gnu11;
				GCC_NO_COMMON_BLOCKS = YES;
				GCC_WARN_64_TO_32_BIT_CONVERSION = YES;
				GCC_WARN_ABOUT_RETURN_TYPE = YES_ERROR;
				GCC_WARN_UNDECLARED_SELECTOR = YES;
				GCC_WARN_UNINITIALIZED_AUTOS = YES_AGGRESSIVE;
				GCC_WARN_UNUSED_FUNCTION = YES;
				GCC_WARN_UNUSED_VARIABLE = YES;
				IPHONEOS_DEPLOYMENT_TARGET = 15.5;
				MTL_ENABLE_DEBUG_INFO = NO;
				MTL_FAST_MATH = YES;
				SDKROOT = iphoneos;
				SWIFT_COMPILATION_MODE = wholemodule;
				SWIFT_OPTIMIZATION_LEVEL = "-O";
				VALIDATE_PRODUCT = YES;
			};
			name = Release;
		};
		BB00A63C28BA706E0011859B /* Debug */ = {
			isa = XCBuildConfiguration;
			buildSettings = {
				ASSETCATALOG_COMPILER_APPICON_NAME = AppIcon;
				ASSETCATALOG_COMPILER_GLOBAL_ACCENT_COLOR_NAME = AccentColor;
				CODE_SIGN_STYLE = Automatic;
				CURRENT_PROJECT_VERSION = 1;
				DEVELOPMENT_ASSET_PATHS = "\"VisionTraining/Preview Content\"";
				DEVELOPMENT_TEAM = RFR6489B8Z;
				ENABLE_PREVIEWS = YES;
				GENERATE_INFOPLIST_FILE = YES;
				INFOPLIST_FILE = VisionTraining/Info.plist;
				INFOPLIST_KEY_UIApplicationSceneManifest_Generation = YES;
				INFOPLIST_KEY_UIApplicationSupportsIndirectInputEvents = YES;
				INFOPLIST_KEY_UILaunchScreen_Generation = YES;
				INFOPLIST_KEY_UISupportedInterfaceOrientations = "UIInterfaceOrientationPortrait UIInterfaceOrientationPortraitUpsideDown";
				LD_RUNPATH_SEARCH_PATHS = (
					"$(inherited)",
					"@executable_path/Frameworks",
				);
				MARKETING_VERSION = 1.0;
				PRODUCT_BUNDLE_IDENTIFIER = ca.fallen.VisionTraining;
				PRODUCT_NAME = "$(TARGET_NAME)";
				SWIFT_EMIT_LOC_STRINGS = YES;
				SWIFT_VERSION = 5.0;
				TARGETED_DEVICE_FAMILY = "1,2";
			};
			name = Debug;
		};
		BB00A63D28BA706E0011859B /* Release */ = {
			isa = XCBuildConfiguration;
			buildSettings = {
				ASSETCATALOG_COMPILER_APPICON_NAME = AppIcon;
				ASSETCATALOG_COMPILER_GLOBAL_ACCENT_COLOR_NAME = AccentColor;
				CODE_SIGN_STYLE = Automatic;
				CURRENT_PROJECT_VERSION = 1;
				DEVELOPMENT_ASSET_PATHS = "\"VisionTraining/Preview Content\"";
				DEVELOPMENT_TEAM = RFR6489B8Z;
				ENABLE_PREVIEWS = YES;
				GENERATE_INFOPLIST_FILE = YES;
				INFOPLIST_FILE = VisionTraining/Info.plist;
				INFOPLIST_KEY_UIApplicationSceneManifest_Generation = YES;
				INFOPLIST_KEY_UIApplicationSupportsIndirectInputEvents = YES;
				INFOPLIST_KEY_UILaunchScreen_Generation = YES;
				INFOPLIST_KEY_UISupportedInterfaceOrientations = "UIInterfaceOrientationPortrait UIInterfaceOrientationPortraitUpsideDown";
				LD_RUNPATH_SEARCH_PATHS = (
					"$(inherited)",
					"@executable_path/Frameworks",
				);
				MARKETING_VERSION = 1.0;
				PRODUCT_BUNDLE_IDENTIFIER = ca.fallen.VisionTraining;
				PRODUCT_NAME = "$(TARGET_NAME)";
				SWIFT_EMIT_LOC_STRINGS = YES;
				SWIFT_VERSION = 5.0;
				TARGETED_DEVICE_FAMILY = "1,2";
			};
			name = Release;
		};
/* End XCBuildConfiguration section */

/* Begin XCConfigurationList section */
		BB00A62828BA706D0011859B /* Build configuration list for PBXProject "VisionTraining" */ = {
			isa = XCConfigurationList;
			buildConfigurations = (
				BB00A63928BA706E0011859B /* Debug */,
				BB00A63A28BA706E0011859B /* Release */,
			);
			defaultConfigurationIsVisible = 0;
			defaultConfigurationName = Release;
		};
		BB00A63B28BA706E0011859B /* Build configuration list for PBXNativeTarget "VisionTraining" */ = {
			isa = XCConfigurationList;
			buildConfigurations = (
				BB00A63C28BA706E0011859B /* Debug */,
				BB00A63D28BA706E0011859B /* Release */,
			);
			defaultConfigurationIsVisible = 0;
			defaultConfigurationName = Release;
		};
/* End XCConfigurationList section */
	};
	rootObject = BB00A62528BA706D0011859B /* Project object */;
}
